// !$*UTF8*$!
{
	archiveVersion = 1;
	classes = {
	};
	objectVersion = 56;
	objects = {

/* Begin PBXBuildFile section */
		E82222092AA1F417008F4BD6 /* UICollectionView+Extension.swift in Sources */ = {isa = PBXBuildFile; fileRef = E82222082AA1F417008F4BD6 /* UICollectionView+Extension.swift */; };
		E822220C2AA1FAE1008F4BD6 /* SkeletonLoading.swift in Sources */ = {isa = PBXBuildFile; fileRef = E822220B2AA1FAE1008F4BD6 /* SkeletonLoading.swift */; };
		E822220E2AA2F7C3008F4BD6 /* UILabel+Extension.swift in Sources */ = {isa = PBXBuildFile; fileRef = E822220D2AA2F7C3008F4BD6 /* UILabel+Extension.swift */; };
		E84B2E632AA0944A00270C85 /* AppDelegate.swift in Sources */ = {isa = PBXBuildFile; fileRef = E84B2E622AA0944A00270C85 /* AppDelegate.swift */; };
		E84B2E652AA0944A00270C85 /* SceneDelegate.swift in Sources */ = {isa = PBXBuildFile; fileRef = E84B2E642AA0944A00270C85 /* SceneDelegate.swift */; };
		E84B2E6A2AA0944A00270C85 /* Main.storyboard in Resources */ = {isa = PBXBuildFile; fileRef = E84B2E682AA0944A00270C85 /* Main.storyboard */; };
		E84B2E6C2AA0944B00270C85 /* Assets.xcassets in Resources */ = {isa = PBXBuildFile; fileRef = E84B2E6B2AA0944B00270C85 /* Assets.xcassets */; };
		E84B2E6F2AA0944B00270C85 /* LaunchScreen.storyboard in Resources */ = {isa = PBXBuildFile; fileRef = E84B2E6D2AA0944B00270C85 /* LaunchScreen.storyboard */; };
		E84B2E832AA0973F00270C85 /* TitilliumWeb-SemiBoldItalic.ttf in Resources */ = {isa = PBXBuildFile; fileRef = E84B2E782AA0973D00270C85 /* TitilliumWeb-SemiBoldItalic.ttf */; };
		E84B2E842AA0973F00270C85 /* TitilliumWeb-BoldItalic.ttf in Resources */ = {isa = PBXBuildFile; fileRef = E84B2E792AA0973D00270C85 /* TitilliumWeb-BoldItalic.ttf */; };
		E84B2E852AA0973F00270C85 /* TitilliumWeb-SemiBold.ttf in Resources */ = {isa = PBXBuildFile; fileRef = E84B2E7A2AA0973D00270C85 /* TitilliumWeb-SemiBold.ttf */; };
		E84B2E862AA0973F00270C85 /* TitilliumWeb-ExtraLightItalic.ttf in Resources */ = {isa = PBXBuildFile; fileRef = E84B2E7B2AA0973D00270C85 /* TitilliumWeb-ExtraLightItalic.ttf */; };
		E84B2E872AA0973F00270C85 /* TitilliumWeb-Bold.ttf in Resources */ = {isa = PBXBuildFile; fileRef = E84B2E7C2AA0973D00270C85 /* TitilliumWeb-Bold.ttf */; };
		E84B2E882AA0973F00270C85 /* TitilliumWeb-Light.ttf in Resources */ = {isa = PBXBuildFile; fileRef = E84B2E7D2AA0973D00270C85 /* TitilliumWeb-Light.ttf */; };
		E84B2E892AA0973F00270C85 /* TitilliumWeb-ExtraLight.ttf in Resources */ = {isa = PBXBuildFile; fileRef = E84B2E7E2AA0973E00270C85 /* TitilliumWeb-ExtraLight.ttf */; };
		E84B2E8A2AA0973F00270C85 /* TitilliumWeb-Regular.ttf in Resources */ = {isa = PBXBuildFile; fileRef = E84B2E7F2AA0973E00270C85 /* TitilliumWeb-Regular.ttf */; };
		E84B2E8B2AA0973F00270C85 /* TitilliumWeb-Italic.ttf in Resources */ = {isa = PBXBuildFile; fileRef = E84B2E802AA0973E00270C85 /* TitilliumWeb-Italic.ttf */; };
		E84B2E8C2AA0973F00270C85 /* TitilliumWeb-LightItalic.ttf in Resources */ = {isa = PBXBuildFile; fileRef = E84B2E812AA0973E00270C85 /* TitilliumWeb-LightItalic.ttf */; };
		E84B2E8D2AA0973F00270C85 /* TitilliumWeb-Black.ttf in Resources */ = {isa = PBXBuildFile; fileRef = E84B2E822AA0973E00270C85 /* TitilliumWeb-Black.ttf */; };
		E84B2E8F2AA0977900270C85 /* FontBook.swift in Sources */ = {isa = PBXBuildFile; fileRef = E84B2E8E2AA0977900270C85 /* FontBook.swift */; };
		E84B2E992AA09F8000270C85 /* CONTENTLISTINGPAGE-PAGE1.json in Resources */ = {isa = PBXBuildFile; fileRef = E84B2E962AA09F8000270C85 /* CONTENTLISTINGPAGE-PAGE1.json */; };
		E84B2E9A2AA09F8000270C85 /* CONTENTLISTINGPAGE-PAGE2.json in Resources */ = {isa = PBXBuildFile; fileRef = E84B2E972AA09F8000270C85 /* CONTENTLISTINGPAGE-PAGE2.json */; };
		E84B2E9B2AA09F8000270C85 /* CONTENTLISTINGPAGE-PAGE3.json in Resources */ = {isa = PBXBuildFile; fileRef = E84B2E982AA09F8000270C85 /* CONTENTLISTINGPAGE-PAGE3.json */; };
		E84B2EA02AA0A86900270C85 /* MovieCell.swift in Sources */ = {isa = PBXBuildFile; fileRef = E84B2E9E2AA0A86900270C85 /* MovieCell.swift */; };
		E84B2EA12AA0A86900270C85 /* MovieCell.xib in Resources */ = {isa = PBXBuildFile; fileRef = E84B2E9F2AA0A86900270C85 /* MovieCell.xib */; };
		E84B2EA32AA0AAEA00270C85 /* MovieListingVC.swift in Sources */ = {isa = PBXBuildFile; fileRef = E84B2EA22AA0AAEA00270C85 /* MovieListingVC.swift */; };
		E84B2EA62AA0B3C100270C85 /* MovieListingModel.swift in Sources */ = {isa = PBXBuildFile; fileRef = E84B2EA52AA0B3C100270C85 /* MovieListingModel.swift */; };
		E84B2EBC2AA10F0400270C85 /* MovieViewModel.swift in Sources */ = {isa = PBXBuildFile; fileRef = E84B2EBB2AA10F0400270C85 /* MovieViewModel.swift */; };
		E84B2EBF2AA1165200270C85 /* Toast.swift in Sources */ = {isa = PBXBuildFile; fileRef = E84B2EBE2AA1165200270C85 /* Toast.swift */; };
		E84B2EC12AA1173500270C85 /* Helper.swift in Sources */ = {isa = PBXBuildFile; fileRef = E84B2EC02AA1173500270C85 /* Helper.swift */; };
		E84B2EC32AA11A3900270C85 /* UIViewcontroller+Extension.swift in Sources */ = {isa = PBXBuildFile; fileRef = E84B2EC22AA11A3900270C85 /* UIViewcontroller+Extension.swift */; };
/* End PBXBuildFile section */

/* Begin PBXContainerItemProxy section */
		E84B2EAF2AA0C69D00270C85 /* PBXContainerItemProxy */ = {
			isa = PBXContainerItemProxy;
			containerPortal = E84B2E572AA0944A00270C85 /* Project object */;
			proxyType = 1;
			remoteGlobalIDString = E84B2E5E2AA0944A00270C85;
			remoteInfo = DiagnalAssesmentTest;
		};
/* End PBXContainerItemProxy section */

/* Begin PBXFileReference section */
		E82222082AA1F417008F4BD6 /* UICollectionView+Extension.swift */ = {isa = PBXFileReference; lastKnownFileType = sourcecode.swift; path = "UICollectionView+Extension.swift"; sourceTree = "<group>"; };
		E822220B2AA1FAE1008F4BD6 /* SkeletonLoading.swift */ = {isa = PBXFileReference; lastKnownFileType = sourcecode.swift; path = SkeletonLoading.swift; sourceTree = "<group>"; };
		E822220D2AA2F7C3008F4BD6 /* UILabel+Extension.swift */ = {isa = PBXFileReference; lastKnownFileType = sourcecode.swift; path = "UILabel+Extension.swift"; sourceTree = "<group>"; };
		E84B2E5F2AA0944A00270C85 /* StarWebTV.app */ = {isa = PBXFileReference; explicitFileType = wrapper.application; includeInIndex = 0; path = StarWebTV.app; sourceTree = BUILT_PRODUCTS_DIR; };
		E84B2E622AA0944A00270C85 /* AppDelegate.swift */ = {isa = PBXFileReference; lastKnownFileType = sourcecode.swift; path = AppDelegate.swift; sourceTree = "<group>"; };
		E84B2E642AA0944A00270C85 /* SceneDelegate.swift */ = {isa = PBXFileReference; lastKnownFileType = sourcecode.swift; path = SceneDelegate.swift; sourceTree = "<group>"; };
		E84B2E692AA0944A00270C85 /* Base */ = {isa = PBXFileReference; lastKnownFileType = file.storyboard; name = Base; path = Base.lproj/Main.storyboard; sourceTree = "<group>"; };
		E84B2E6B2AA0944B00270C85 /* Assets.xcassets */ = {isa = PBXFileReference; lastKnownFileType = folder.assetcatalog; path = Assets.xcassets; sourceTree = "<group>"; };
		E84B2E6E2AA0944B00270C85 /* Base */ = {isa = PBXFileReference; lastKnownFileType = file.storyboard; name = Base; path = Base.lproj/LaunchScreen.storyboard; sourceTree = "<group>"; };
		E84B2E702AA0944B00270C85 /* Info.plist */ = {isa = PBXFileReference; lastKnownFileType = text.plist.xml; path = Info.plist; sourceTree = "<group>"; };
		E84B2E782AA0973D00270C85 /* TitilliumWeb-SemiBoldItalic.ttf */ = {isa = PBXFileReference; lastKnownFileType = file; path = "TitilliumWeb-SemiBoldItalic.ttf"; sourceTree = "<group>"; };
		E84B2E792AA0973D00270C85 /* TitilliumWeb-BoldItalic.ttf */ = {isa = PBXFileReference; lastKnownFileType = file; path = "TitilliumWeb-BoldItalic.ttf"; sourceTree = "<group>"; };
		E84B2E7A2AA0973D00270C85 /* TitilliumWeb-SemiBold.ttf */ = {isa = PBXFileReference; lastKnownFileType = file; path = "TitilliumWeb-SemiBold.ttf"; sourceTree = "<group>"; };
		E84B2E7B2AA0973D00270C85 /* TitilliumWeb-ExtraLightItalic.ttf */ = {isa = PBXFileReference; lastKnownFileType = file; path = "TitilliumWeb-ExtraLightItalic.ttf"; sourceTree = "<group>"; };
		E84B2E7C2AA0973D00270C85 /* TitilliumWeb-Bold.ttf */ = {isa = PBXFileReference; lastKnownFileType = file; path = "TitilliumWeb-Bold.ttf"; sourceTree = "<group>"; };
		E84B2E7D2AA0973D00270C85 /* TitilliumWeb-Light.ttf */ = {isa = PBXFileReference; lastKnownFileType = file; path = "TitilliumWeb-Light.ttf"; sourceTree = "<group>"; };
		E84B2E7E2AA0973E00270C85 /* TitilliumWeb-ExtraLight.ttf */ = {isa = PBXFileReference; lastKnownFileType = file; path = "TitilliumWeb-ExtraLight.ttf"; sourceTree = "<group>"; };
		E84B2E7F2AA0973E00270C85 /* TitilliumWeb-Regular.ttf */ = {isa = PBXFileReference; lastKnownFileType = file; path = "TitilliumWeb-Regular.ttf"; sourceTree = "<group>"; };
		E84B2E802AA0973E00270C85 /* TitilliumWeb-Italic.ttf */ = {isa = PBXFileReference; lastKnownFileType = file; path = "TitilliumWeb-Italic.ttf"; sourceTree = "<group>"; };
		E84B2E812AA0973E00270C85 /* TitilliumWeb-LightItalic.ttf */ = {isa = PBXFileReference; lastKnownFileType = file; path = "TitilliumWeb-LightItalic.ttf"; sourceTree = "<group>"; };
		E84B2E822AA0973E00270C85 /* TitilliumWeb-Black.ttf */ = {isa = PBXFileReference; lastKnownFileType = file; path = "TitilliumWeb-Black.ttf"; sourceTree = "<group>"; };
		E84B2E8E2AA0977900270C85 /* FontBook.swift */ = {isa = PBXFileReference; lastKnownFileType = sourcecode.swift; path = FontBook.swift; sourceTree = "<group>"; };
		E84B2E962AA09F8000270C85 /* CONTENTLISTINGPAGE-PAGE1.json */ = {isa = PBXFileReference; fileEncoding = 4; lastKnownFileType = text.json; path = "CONTENTLISTINGPAGE-PAGE1.json"; sourceTree = "<group>"; };
		E84B2E972AA09F8000270C85 /* CONTENTLISTINGPAGE-PAGE2.json */ = {isa = PBXFileReference; fileEncoding = 4; lastKnownFileType = text.json; path = "CONTENTLISTINGPAGE-PAGE2.json"; sourceTree = "<group>"; };
		E84B2E982AA09F8000270C85 /* CONTENTLISTINGPAGE-PAGE3.json */ = {isa = PBXFileReference; fileEncoding = 4; lastKnownFileType = text.json; path = "CONTENTLISTINGPAGE-PAGE3.json"; sourceTree = "<group>"; };
		E84B2E9E2AA0A86900270C85 /* MovieCell.swift */ = {isa = PBXFileReference; lastKnownFileType = sourcecode.swift; path = MovieCell.swift; sourceTree = "<group>"; };
		E84B2E9F2AA0A86900270C85 /* MovieCell.xib */ = {isa = PBXFileReference; lastKnownFileType = file.xib; path = MovieCell.xib; sourceTree = "<group>"; };
		E84B2EA22AA0AAEA00270C85 /* MovieListingVC.swift */ = {isa = PBXFileReference; lastKnownFileType = sourcecode.swift; path = MovieListingVC.swift; sourceTree = "<group>"; };
		E84B2EA52AA0B3C100270C85 /* MovieListingModel.swift */ = {isa = PBXFileReference; lastKnownFileType = sourcecode.swift; path = MovieListingModel.swift; sourceTree = "<group>"; };
		E84B2EAB2AA0C69D00270C85 /* StarWebTVTests.xctest */ = {isa = PBXFileReference; explicitFileType = wrapper.cfbundle; includeInIndex = 0; path = StarWebTVTests.xctest; sourceTree = BUILT_PRODUCTS_DIR; };
		E84B2EBB2AA10F0400270C85 /* MovieViewModel.swift */ = {isa = PBXFileReference; lastKnownFileType = sourcecode.swift; path = MovieViewModel.swift; sourceTree = "<group>"; };
		E84B2EBE2AA1165200270C85 /* Toast.swift */ = {isa = PBXFileReference; lastKnownFileType = sourcecode.swift; path = Toast.swift; sourceTree = "<group>"; };
		E84B2EC02AA1173500270C85 /* Helper.swift */ = {isa = PBXFileReference; lastKnownFileType = sourcecode.swift; path = Helper.swift; sourceTree = "<group>"; };
		E84B2EC22AA11A3900270C85 /* UIViewcontroller+Extension.swift */ = {isa = PBXFileReference; lastKnownFileType = sourcecode.swift; path = "UIViewcontroller+Extension.swift"; sourceTree = "<group>"; };
/* End PBXFileReference section */

/* Begin PBXFrameworksBuildPhase section */
		E84B2E5C2AA0944A00270C85 /* Frameworks */ = {
			isa = PBXFrameworksBuildPhase;
			buildActionMask = 2147483647;
			files = (
			);
			runOnlyForDeploymentPostprocessing = 0;
		};
		E84B2EA82AA0C69D00270C85 /* Frameworks */ = {
			isa = PBXFrameworksBuildPhase;
			buildActionMask = 2147483647;
			files = (
			);
			runOnlyForDeploymentPostprocessing = 0;
		};
/* End PBXFrameworksBuildPhase section */

/* Begin PBXGroup section */
		E82222072AA1F3FE008F4BD6 /* Extensions */ = {
			isa = PBXGroup;
			children = (
				E84B2EC22AA11A3900270C85 /* UIViewcontroller+Extension.swift */,
				E82222082AA1F417008F4BD6 /* UICollectionView+Extension.swift */,
				E822220D2AA2F7C3008F4BD6 /* UILabel+Extension.swift */,
			);
			path = Extensions;
			sourceTree = "<group>";
		};
		E822220A2AA1FAD0008F4BD6 /* SkeletonLoading */ = {
			isa = PBXGroup;
			children = (
				E822220B2AA1FAE1008F4BD6 /* SkeletonLoading.swift */,
			);
			path = SkeletonLoading;
			sourceTree = "<group>";
		};
		E84B2E562AA0944A00270C85 = {
			isa = PBXGroup;
			children = (
				E84B2E612AA0944A00270C85 /* DiagnalAssesmentTest */,
				E84B2E602AA0944A00270C85 /* Products */,
			);
			sourceTree = "<group>";
		};
		E84B2E602AA0944A00270C85 /* Products */ = {
			isa = PBXGroup;
			children = (
				E84B2E5F2AA0944A00270C85 /* StarWebTV.app */,
				E84B2EAB2AA0C69D00270C85 /* StarWebTVTests.xctest */,
			);
			name = Products;
			sourceTree = "<group>";
		};
		E84B2E612AA0944A00270C85 /* DiagnalAssesmentTest */ = {
			isa = PBXGroup;
			children = (
				E84B2E902AA0996000270C85 /* AppDelegate */,
				E84B2EB82AA10E4000270C85 /* Models */,
				E84B2EB92AA10E7000270C85 /* View */,
				E84B2EBA2AA10E8000270C85 /* ViewModel */,
				E84B2E952AA09DC700270C85 /* JSON */,
				E84B2E912AA0997C00270C85 /* Storyboards */,
				E84B2E922AA0999A00270C85 /* Assets */,
				E84B2E762AA0970300270C85 /* Utilities */,
				E84B2E702AA0944B00270C85 /* Info.plist */,
			);
			path = DiagnalAssesmentTest;
			sourceTree = "<group>";
		};
		E84B2E762AA0970300270C85 /* Utilities */ = {
			isa = PBXGroup;
			children = (
				E822220A2AA1FAD0008F4BD6 /* SkeletonLoading */,
				E82222072AA1F3FE008F4BD6 /* Extensions */,
				E84B2EBD2AA1163800270C85 /* Toast */,
				E84B2E772AA0971700270C85 /* Fonts */,
				E84B2EC02AA1173500270C85 /* Helper.swift */,
			);
			path = Utilities;
			sourceTree = "<group>";
		};
		E84B2E772AA0971700270C85 /* Fonts */ = {
			isa = PBXGroup;
			children = (
				E84B2E822AA0973E00270C85 /* TitilliumWeb-Black.ttf */,
				E84B2E7C2AA0973D00270C85 /* TitilliumWeb-Bold.ttf */,
				E84B2E792AA0973D00270C85 /* TitilliumWeb-BoldItalic.ttf */,
				E84B2E7E2AA0973E00270C85 /* TitilliumWeb-ExtraLight.ttf */,
				E84B2E7B2AA0973D00270C85 /* TitilliumWeb-ExtraLightItalic.ttf */,
				E84B2E802AA0973E00270C85 /* TitilliumWeb-Italic.ttf */,
				E84B2E7D2AA0973D00270C85 /* TitilliumWeb-Light.ttf */,
				E84B2E812AA0973E00270C85 /* TitilliumWeb-LightItalic.ttf */,
				E84B2E7F2AA0973E00270C85 /* TitilliumWeb-Regular.ttf */,
				E84B2E7A2AA0973D00270C85 /* TitilliumWeb-SemiBold.ttf */,
				E84B2E782AA0973D00270C85 /* TitilliumWeb-SemiBoldItalic.ttf */,
				E84B2E8E2AA0977900270C85 /* FontBook.swift */,
			);
			path = Fonts;
			sourceTree = "<group>";
		};
		E84B2E902AA0996000270C85 /* AppDelegate */ = {
			isa = PBXGroup;
			children = (
				E84B2E622AA0944A00270C85 /* AppDelegate.swift */,
				E84B2E642AA0944A00270C85 /* SceneDelegate.swift */,
			);
			path = AppDelegate;
			sourceTree = "<group>";
		};
		E84B2E912AA0997C00270C85 /* Storyboards */ = {
			isa = PBXGroup;
			children = (
				E84B2E682AA0944A00270C85 /* Main.storyboard */,
				E84B2E6D2AA0944B00270C85 /* LaunchScreen.storyboard */,
			);
			path = Storyboards;
			sourceTree = "<group>";
		};
		E84B2E922AA0999A00270C85 /* Assets */ = {
			isa = PBXGroup;
			children = (
				E84B2E6B2AA0944B00270C85 /* Assets.xcassets */,
			);
			path = Assets;
			sourceTree = "<group>";
		};
		E84B2E952AA09DC700270C85 /* JSON */ = {
			isa = PBXGroup;
			children = (
				E84B2E962AA09F8000270C85 /* CONTENTLISTINGPAGE-PAGE1.json */,
				E84B2E972AA09F8000270C85 /* CONTENTLISTINGPAGE-PAGE2.json */,
				E84B2E982AA09F8000270C85 /* CONTENTLISTINGPAGE-PAGE3.json */,
			);
			path = JSON;
			sourceTree = "<group>";
		};
		E84B2E9C2AA0A66E00270C85 /* MovieListing */ = {
			isa = PBXGroup;
			children = (
				E84B2E9D2AA0A7EE00270C85 /* MovieXib */,
				E84B2EA22AA0AAEA00270C85 /* MovieListingVC.swift */,
			);
			path = MovieListing;
			sourceTree = "<group>";
		};
		E84B2E9D2AA0A7EE00270C85 /* MovieXib */ = {
			isa = PBXGroup;
			children = (
				E84B2E9E2AA0A86900270C85 /* MovieCell.swift */,
				E84B2E9F2AA0A86900270C85 /* MovieCell.xib */,
			);
			path = MovieXib;
			sourceTree = "<group>";
		};
		E84B2EB82AA10E4000270C85 /* Models */ = {
			isa = PBXGroup;
			children = (
				E84B2EA52AA0B3C100270C85 /* MovieListingModel.swift */,
			);
			path = Models;
			sourceTree = "<group>";
		};
		E84B2EB92AA10E7000270C85 /* View */ = {
			isa = PBXGroup;
			children = (
				E84B2E9C2AA0A66E00270C85 /* MovieListing */,
			);
			path = View;
			sourceTree = "<group>";
		};
		E84B2EBA2AA10E8000270C85 /* ViewModel */ = {
			isa = PBXGroup;
			children = (
				E84B2EBB2AA10F0400270C85 /* MovieViewModel.swift */,
			);
			path = ViewModel;
			sourceTree = "<group>";
		};
		E84B2EBD2AA1163800270C85 /* Toast */ = {
			isa = PBXGroup;
			children = (
				E84B2EBE2AA1165200270C85 /* Toast.swift */,
			);
			path = Toast;
			sourceTree = "<group>";
		};
/* End PBXGroup section */

/* Begin PBXNativeTarget section */
		E84B2E5E2AA0944A00270C85 /* StarWebTV */ = {
			isa = PBXNativeTarget;
			buildConfigurationList = E84B2E732AA0944B00270C85 /* Build configuration list for PBXNativeTarget "StarWebTV" */;
			buildPhases = (
				E84B2E5B2AA0944A00270C85 /* Sources */,
				E84B2E5C2AA0944A00270C85 /* Frameworks */,
				E84B2E5D2AA0944A00270C85 /* Resources */,
			);
			buildRules = (
			);
			dependencies = (
			);
			name = StarWebTV;
			productName = DiagnalAssesmentTest;
			productReference = E84B2E5F2AA0944A00270C85 /* StarWebTV.app */;
			productType = "com.apple.product-type.application";
		};
		E84B2EAA2AA0C69D00270C85 /* StarWebTVTests */ = {
			isa = PBXNativeTarget;
			buildConfigurationList = E84B2EB12AA0C69D00270C85 /* Build configuration list for PBXNativeTarget "StarWebTVTests" */;
			buildPhases = (
				E84B2EA72AA0C69D00270C85 /* Sources */,
				E84B2EA82AA0C69D00270C85 /* Frameworks */,
				E84B2EA92AA0C69D00270C85 /* Resources */,
			);
			buildRules = (
			);
			dependencies = (
				E84B2EB02AA0C69D00270C85 /* PBXTargetDependency */,
			);
			name = StarWebTVTests;
			productName = DiagnalAssesmentTestTests;
			productReference = E84B2EAB2AA0C69D00270C85 /* StarWebTVTests.xctest */;
			productType = "com.apple.product-type.bundle.unit-test";
		};
/* End PBXNativeTarget section */

/* Begin PBXProject section */
		E84B2E572AA0944A00270C85 /* Project object */ = {
			isa = PBXProject;
			attributes = {
				BuildIndependentTargetsInParallel = 1;
				LastSwiftUpdateCheck = 1430;
				LastUpgradeCheck = 1430;
				TargetAttributes = {
					E84B2E5E2AA0944A00270C85 = {
						CreatedOnToolsVersion = 14.3.1;
					};
					E84B2EAA2AA0C69D00270C85 = {
						CreatedOnToolsVersion = 14.3.1;
						TestTargetID = E84B2E5E2AA0944A00270C85;
					};
				};
			};
			buildConfigurationList = E84B2E5A2AA0944A00270C85 /* Build configuration list for PBXProject "StarWebTV" */;
			compatibilityVersion = "Xcode 14.0";
			developmentRegion = en;
			hasScannedForEncodings = 0;
			knownRegions = (
				en,
				Base,
			);
			mainGroup = E84B2E562AA0944A00270C85;
			productRefGroup = E84B2E602AA0944A00270C85 /* Products */;
			projectDirPath = "";
			projectRoot = "";
			targets = (
				E84B2E5E2AA0944A00270C85 /* StarWebTV */,
				E84B2EAA2AA0C69D00270C85 /* StarWebTVTests */,
			);
		};
/* End PBXProject section */

/* Begin PBXResourcesBuildPhase section */
		E84B2E5D2AA0944A00270C85 /* Resources */ = {
			isa = PBXResourcesBuildPhase;
			buildActionMask = 2147483647;
			files = (
				E84B2E882AA0973F00270C85 /* TitilliumWeb-Light.ttf in Resources */,
				E84B2E8C2AA0973F00270C85 /* TitilliumWeb-LightItalic.ttf in Resources */,
				E84B2E8A2AA0973F00270C85 /* TitilliumWeb-Regular.ttf in Resources */,
				E84B2E9A2AA09F8000270C85 /* CONTENTLISTINGPAGE-PAGE2.json in Resources */,
				E84B2E8D2AA0973F00270C85 /* TitilliumWeb-Black.ttf in Resources */,
				E84B2E9B2AA09F8000270C85 /* CONTENTLISTINGPAGE-PAGE3.json in Resources */,
				E84B2EA12AA0A86900270C85 /* MovieCell.xib in Resources */,
				E84B2E892AA0973F00270C85 /* TitilliumWeb-ExtraLight.ttf in Resources */,
				E84B2E832AA0973F00270C85 /* TitilliumWeb-SemiBoldItalic.ttf in Resources */,
				E84B2E6F2AA0944B00270C85 /* LaunchScreen.storyboard in Resources */,
				E84B2E872AA0973F00270C85 /* TitilliumWeb-Bold.ttf in Resources */,
				E84B2E842AA0973F00270C85 /* TitilliumWeb-BoldItalic.ttf in Resources */,
				E84B2E6C2AA0944B00270C85 /* Assets.xcassets in Resources */,
				E84B2E852AA0973F00270C85 /* TitilliumWeb-SemiBold.ttf in Resources */,
				E84B2E8B2AA0973F00270C85 /* TitilliumWeb-Italic.ttf in Resources */,
				E84B2E992AA09F8000270C85 /* CONTENTLISTINGPAGE-PAGE1.json in Resources */,
				E84B2E6A2AA0944A00270C85 /* Main.storyboard in Resources */,
				E84B2E862AA0973F00270C85 /* TitilliumWeb-ExtraLightItalic.ttf in Resources */,
			);
			runOnlyForDeploymentPostprocessing = 0;
		};
		E84B2EA92AA0C69D00270C85 /* Resources */ = {
			isa = PBXResourcesBuildPhase;
			buildActionMask = 2147483647;
			files = (
			);
			runOnlyForDeploymentPostprocessing = 0;
		};
/* End PBXResourcesBuildPhase section */

/* Begin PBXSourcesBuildPhase section */
		E84B2E5B2AA0944A00270C85 /* Sources */ = {
			isa = PBXSourcesBuildPhase;
			buildActionMask = 2147483647;
			files = (
				E84B2E632AA0944A00270C85 /* AppDelegate.swift in Sources */,
				E82222092AA1F417008F4BD6 /* UICollectionView+Extension.swift in Sources */,
				E84B2EBF2AA1165200270C85 /* Toast.swift in Sources */,
				E84B2EC32AA11A3900270C85 /* UIViewcontroller+Extension.swift in Sources */,
				E84B2EA62AA0B3C100270C85 /* MovieListingModel.swift in Sources */,
				E84B2E652AA0944A00270C85 /* SceneDelegate.swift in Sources */,
				E84B2EA32AA0AAEA00270C85 /* MovieListingVC.swift in Sources */,
				E822220C2AA1FAE1008F4BD6 /* SkeletonLoading.swift in Sources */,
				E84B2EC12AA1173500270C85 /* Helper.swift in Sources */,
				E84B2EA02AA0A86900270C85 /* MovieCell.swift in Sources */,
				E84B2EBC2AA10F0400270C85 /* MovieViewModel.swift in Sources */,
				E822220E2AA2F7C3008F4BD6 /* UILabel+Extension.swift in Sources */,
				E84B2E8F2AA0977900270C85 /* FontBook.swift in Sources */,
			);
			runOnlyForDeploymentPostprocessing = 0;
		};
		E84B2EA72AA0C69D00270C85 /* Sources */ = {
			isa = PBXSourcesBuildPhase;
			buildActionMask = 2147483647;
			files = (
			);
			runOnlyForDeploymentPostprocessing = 0;
		};
/* End PBXSourcesBuildPhase section */

/* Begin PBXTargetDependency section */
		E84B2EB02AA0C69D00270C85 /* PBXTargetDependency */ = {
			isa = PBXTargetDependency;
			target = E84B2E5E2AA0944A00270C85 /* StarWebTV */;
			targetProxy = E84B2EAF2AA0C69D00270C85 /* PBXContainerItemProxy */;
		};
/* End PBXTargetDependency section */

/* Begin PBXVariantGroup section */
		E84B2E682AA0944A00270C85 /* Main.storyboard */ = {
			isa = PBXVariantGroup;
			children = (
				E84B2E692AA0944A00270C85 /* Base */,
			);
			name = Main.storyboard;
			sourceTree = "<group>";
		};
		E84B2E6D2AA0944B00270C85 /* LaunchScreen.storyboard */ = {
			isa = PBXVariantGroup;
			children = (
				E84B2E6E2AA0944B00270C85 /* Base */,
			);
			name = LaunchScreen.storyboard;
			sourceTree = "<group>";
		};
/* End PBXVariantGroup section */

/* Begin XCBuildConfiguration section */
		E84B2E712AA0944B00270C85 /* Debug */ = {
			isa = XCBuildConfiguration;
			buildSettings = {
				ALWAYS_SEARCH_USER_PATHS = NO;
				CLANG_ANALYZER_NONNULL = YES;
				CLANG_ANALYZER_NUMBER_OBJECT_CONVERSION = YES_AGGRESSIVE;
				CLANG_CXX_LANGUAGE_STANDARD = "gnu++20";
				CLANG_ENABLE_MODULES = YES;
				CLANG_ENABLE_OBJC_ARC = YES;
				CLANG_ENABLE_OBJC_WEAK = YES;
				CLANG_WARN_BLOCK_CAPTURE_AUTORELEASING = YES;
				CLANG_WARN_BOOL_CONVERSION = YES;
				CLANG_WARN_COMMA = YES;
				CLANG_WARN_CONSTANT_CONVERSION = YES;
				CLANG_WARN_DEPRECATED_OBJC_IMPLEMENTATIONS = YES;
				CLANG_WARN_DIRECT_OBJC_ISA_USAGE = YES_ERROR;
				CLANG_WARN_DOCUMENTATION_COMMENTS = YES;
				CLANG_WARN_EMPTY_BODY = YES;
				CLANG_WARN_ENUM_CONVERSION = YES;
				CLANG_WARN_INFINITE_RECURSION = YES;
				CLANG_WARN_INT_CONVERSION = YES;
				CLANG_WARN_NON_LITERAL_NULL_CONVERSION = YES;
				CLANG_WARN_OBJC_IMPLICIT_RETAIN_SELF = YES;
				CLANG_WARN_OBJC_LITERAL_CONVERSION = YES;
				CLANG_WARN_OBJC_ROOT_CLASS = YES_ERROR;
				CLANG_WARN_QUOTED_INCLUDE_IN_FRAMEWORK_HEADER = YES;
				CLANG_WARN_RANGE_LOOP_ANALYSIS = YES;
				CLANG_WARN_STRICT_PROTOTYPES = YES;
				CLANG_WARN_SUSPICIOUS_MOVE = YES;
				CLANG_WARN_UNGUARDED_AVAILABILITY = YES_AGGRESSIVE;
				CLANG_WARN_UNREACHABLE_CODE = YES;
				CLANG_WARN__DUPLICATE_METHOD_MATCH = YES;
				COPY_PHASE_STRIP = NO;
				DEBUG_INFORMATION_FORMAT = dwarf;
				ENABLE_STRICT_OBJC_MSGSEND = YES;
				ENABLE_TESTABILITY = YES;
				GCC_C_LANGUAGE_STANDARD = gnu11;
				GCC_DYNAMIC_NO_PIC = NO;
				GCC_NO_COMMON_BLOCKS = YES;
				GCC_OPTIMIZATION_LEVEL = 0;
				GCC_PREPROCESSOR_DEFINITIONS = (
					"DEBUG=1",
					"$(inherited)",
				);
				GCC_WARN_64_TO_32_BIT_CONVERSION = YES;
				GCC_WARN_ABOUT_RETURN_TYPE = YES_ERROR;
				GCC_WARN_UNDECLARED_SELECTOR = YES;
				GCC_WARN_UNINITIALIZED_AUTOS = YES_AGGRESSIVE;
				GCC_WARN_UNUSED_FUNCTION = YES;
				GCC_WARN_UNUSED_VARIABLE = YES;
				IPHONEOS_DEPLOYMENT_TARGET = 16.4;
				MTL_ENABLE_DEBUG_INFO = INCLUDE_SOURCE;
				MTL_FAST_MATH = YES;
				ONLY_ACTIVE_ARCH = YES;
				SDKROOT = iphoneos;
				SWIFT_ACTIVE_COMPILATION_CONDITIONS = DEBUG;
				SWIFT_OPTIMIZATION_LEVEL = "-Onone";
			};
			name = Debug;
		};
		E84B2E722AA0944B00270C85 /* Release */ = {
			isa = XCBuildConfiguration;
			buildSettings = {
				ALWAYS_SEARCH_USER_PATHS = NO;
				CLANG_ANALYZER_NONNULL = YES;
				CLANG_ANALYZER_NUMBER_OBJECT_CONVERSION = YES_AGGRESSIVE;
				CLANG_CXX_LANGUAGE_STANDARD = "gnu++20";
				CLANG_ENABLE_MODULES = YES;
				CLANG_ENABLE_OBJC_ARC = YES;
				CLANG_ENABLE_OBJC_WEAK = YES;
				CLANG_WARN_BLOCK_CAPTURE_AUTORELEASING = YES;
				CLANG_WARN_BOOL_CONVERSION = YES;
				CLANG_WARN_COMMA = YES;
				CLANG_WARN_CONSTANT_CONVERSION = YES;
				CLANG_WARN_DEPRECATED_OBJC_IMPLEMENTATIONS = YES;
				CLANG_WARN_DIRECT_OBJC_ISA_USAGE = YES_ERROR;
				CLANG_WARN_DOCUMENTATION_COMMENTS = YES;
				CLANG_WARN_EMPTY_BODY = YES;
				CLANG_WARN_ENUM_CONVERSION = YES;
				CLANG_WARN_INFINITE_RECURSION = YES;
				CLANG_WARN_INT_CONVERSION = YES;
				CLANG_WARN_NON_LITERAL_NULL_CONVERSION = YES;
				CLANG_WARN_OBJC_IMPLICIT_RETAIN_SELF = YES;
				CLANG_WARN_OBJC_LITERAL_CONVERSION = YES;
				CLANG_WARN_OBJC_ROOT_CLASS = YES_ERROR;
				CLANG_WARN_QUOTED_INCLUDE_IN_FRAMEWORK_HEADER = YES;
				CLANG_WARN_RANGE_LOOP_ANALYSIS = YES;
				CLANG_WARN_STRICT_PROTOTYPES = YES;
				CLANG_WARN_SUSPICIOUS_MOVE = YES;
				CLANG_WARN_UNGUARDED_AVAILABILITY = YES_AGGRESSIVE;
				CLANG_WARN_UNREACHABLE_CODE = YES;
				CLANG_WARN__DUPLICATE_METHOD_MATCH = YES;
				COPY_PHASE_STRIP = NO;
				DEBUG_INFORMATION_FORMAT = "dwarf-with-dsym";
				ENABLE_NS_ASSERTIONS = NO;
				ENABLE_STRICT_OBJC_MSGSEND = YES;
				GCC_C_LANGUAGE_STANDARD = gnu11;
				GCC_NO_COMMON_BLOCKS = YES;
				GCC_WARN_64_TO_32_BIT_CONVERSION = YES;
				GCC_WARN_ABOUT_RETURN_TYPE = YES_ERROR;
				GCC_WARN_UNDECLARED_SELECTOR = YES;
				GCC_WARN_UNINITIALIZED_AUTOS = YES_AGGRESSIVE;
				GCC_WARN_UNUSED_FUNCTION = YES;
				GCC_WARN_UNUSED_VARIABLE = YES;
				IPHONEOS_DEPLOYMENT_TARGET = 16.4;
				MTL_ENABLE_DEBUG_INFO = NO;
				MTL_FAST_MATH = YES;
				SDKROOT = iphoneos;
				SWIFT_COMPILATION_MODE = wholemodule;
				SWIFT_OPTIMIZATION_LEVEL = "-O";
				VALIDATE_PRODUCT = YES;
			};
			name = Release;
		};
		E84B2E742AA0944B00270C85 /* Debug */ = {
			isa = XCBuildConfiguration;
			buildSettings = {
				ASSETCATALOG_COMPILER_APPICON_NAME = AppIcon;
				ASSETCATALOG_COMPILER_GLOBAL_ACCENT_COLOR_NAME = AccentColor;
				CODE_SIGN_STYLE = Automatic;
				CURRENT_PROJECT_VERSION = 1;
				DEVELOPMENT_TEAM = 953V4FCZZ2;
				GENERATE_INFOPLIST_FILE = YES;
				INFOPLIST_FILE = DiagnalAssesmentTest/Info.plist;
				INFOPLIST_KEY_CFBundleDisplayName = "Star Web TV";
				INFOPLIST_KEY_UIApplicationSupportsIndirectInputEvents = YES;
				INFOPLIST_KEY_UILaunchStoryboardName = LaunchScreen;
				INFOPLIST_KEY_UIMainStoryboardFile = Main;
				INFOPLIST_KEY_UISupportedInterfaceOrientations_iPad = "UIInterfaceOrientationPortrait UIInterfaceOrientationPortraitUpsideDown UIInterfaceOrientationLandscapeLeft UIInterfaceOrientationLandscapeRight";
				INFOPLIST_KEY_UISupportedInterfaceOrientations_iPhone = "UIInterfaceOrientationPortrait UIInterfaceOrientationLandscapeLeft UIInterfaceOrientationLandscapeRight";
				LD_RUNPATH_SEARCH_PATHS = (
					"$(inherited)",
					"@executable_path/Frameworks",
				);
				MARKETING_VERSION = 1.0;
				PRODUCT_BUNDLE_IDENTIFIER = com.sessionWatcher.DiagnalAssesmentTest;
				PRODUCT_NAME = "$(TARGET_NAME)";
				SWIFT_EMIT_LOC_STRINGS = YES;
				SWIFT_VERSION = 5.0;
				TARGETED_DEVICE_FAMILY = "1,2";
			};
			name = Debug;
		};
		E84B2E752AA0944B00270C85 /* Release */ = {
			isa = XCBuildConfiguration;
			buildSettings = {
				ASSETCATALOG_COMPILER_APPICON_NAME = AppIcon;
				ASSETCATALOG_COMPILER_GLOBAL_ACCENT_COLOR_NAME = AccentColor;
				CODE_SIGN_STYLE = Automatic;
				CURRENT_PROJECT_VERSION = 1;
				DEVELOPMENT_TEAM = 953V4FCZZ2;
				GENERATE_INFOPLIST_FILE = YES;
				INFOPLIST_FILE = DiagnalAssesmentTest/Info.plist;
				INFOPLIST_KEY_CFBundleDisplayName = "Star Web TV";
				INFOPLIST_KEY_UIApplicationSupportsIndirectInputEvents = YES;
				INFOPLIST_KEY_UILaunchStoryboardName = LaunchScreen;
				INFOPLIST_KEY_UIMainStoryboardFile = Main;
				INFOPLIST_KEY_UISupportedInterfaceOrientations_iPad = "UIInterfaceOrientationPortrait UIInterfaceOrientationPortraitUpsideDown UIInterfaceOrientationLandscapeLeft UIInterfaceOrientationLandscapeRight";
				INFOPLIST_KEY_UISupportedInterfaceOrientations_iPhone = "UIInterfaceOrientationPortrait UIInterfaceOrientationLandscapeLeft UIInterfaceOrientationLandscapeRight";
				LD_RUNPATH_SEARCH_PATHS = (
					"$(inherited)",
					"@executable_path/Frameworks",
				);
				MARKETING_VERSION = 1.0;
				PRODUCT_BUNDLE_IDENTIFIER = com.sessionWatcher.DiagnalAssesmentTest;
				PRODUCT_NAME = "$(TARGET_NAME)";
				SWIFT_EMIT_LOC_STRINGS = YES;
				SWIFT_VERSION = 5.0;
				TARGETED_DEVICE_FAMILY = "1,2";
			};
			name = Release;
		};
		E84B2EB22AA0C69D00270C85 /* Debug */ = {
			isa = XCBuildConfiguration;
			buildSettings = {
				BUNDLE_LOADER = "$(TEST_HOST)";
				CODE_SIGN_STYLE = Automatic;
				CURRENT_PROJECT_VERSION = 1;
				DEVELOPMENT_TEAM = 953V4FCZZ2;
				GENERATE_INFOPLIST_FILE = YES;
				MARKETING_VERSION = 1.0;
				PRODUCT_BUNDLE_IDENTIFIER = com.sessionWatcher.DiagnalAssesmentTestTests;
				PRODUCT_NAME = "$(TARGET_NAME)";
				SWIFT_EMIT_LOC_STRINGS = NO;
				SWIFT_VERSION = 5.0;
				TARGETED_DEVICE_FAMILY = "1,2";
				TEST_HOST = "$(BUILT_PRODUCTS_DIR)/StarWebTV.app/$(BUNDLE_EXECUTABLE_FOLDER_PATH)/StarWebTV";
			};
			name = Debug;
		};
		E84B2EB32AA0C69D00270C85 /* Release */ = {
			isa = XCBuildConfiguration;
			buildSettings = {
				BUNDLE_LOADER = "$(TEST_HOST)";
				CODE_SIGN_STYLE = Automatic;
				CURRENT_PROJECT_VERSION = 1;
				DEVELOPMENT_TEAM = 953V4FCZZ2;
				GENERATE_INFOPLIST_FILE = YES;
				MARKETING_VERSION = 1.0;
				PRODUCT_BUNDLE_IDENTIFIER = com.sessionWatcher.DiagnalAssesmentTestTests;
				PRODUCT_NAME = "$(TARGET_NAME)";
				SWIFT_EMIT_LOC_STRINGS = NO;
				SWIFT_VERSION = 5.0;
				TARGETED_DEVICE_FAMILY = "1,2";
				TEST_HOST = "$(BUILT_PRODUCTS_DIR)/StarWebTV.app/$(BUNDLE_EXECUTABLE_FOLDER_PATH)/StarWebTV";
			};
			name = Release;
		};
/* End XCBuildConfiguration section */

/* Begin XCConfigurationList section */
		E84B2E5A2AA0944A00270C85 /* Build configuration list for PBXProject "StarWebTV" */ = {
			isa = XCConfigurationList;
			buildConfigurations = (
				E84B2E712AA0944B00270C85 /* Debug */,
				E84B2E722AA0944B00270C85 /* Release */,
			);
			defaultConfigurationIsVisible = 0;
			defaultConfigurationName = Release;
		};
		E84B2E732AA0944B00270C85 /* Build configuration list for PBXNativeTarget "StarWebTV" */ = {
			isa = XCConfigurationList;
			buildConfigurations = (
				E84B2E742AA0944B00270C85 /* Debug */,
				E84B2E752AA0944B00270C85 /* Release */,
			);
			defaultConfigurationIsVisible = 0;
			defaultConfigurationName = Release;
		};
		E84B2EB12AA0C69D00270C85 /* Build configuration list for PBXNativeTarget "StarWebTVTests" */ = {
			isa = XCConfigurationList;
			buildConfigurations = (
				E84B2EB22AA0C69D00270C85 /* Debug */,
				E84B2EB32AA0C69D00270C85 /* Release */,
			);
			defaultConfigurationIsVisible = 0;
			defaultConfigurationName = Release;
		};
/* End XCConfigurationList section */
	};
	rootObject = E84B2E572AA0944A00270C85 /* Project object */;
}
